
Microsoft Visual Studio Solution File, Format Version 12.00
# Visual Studio Version 17
VisualStudioVersion = 17.14.36202.13 d17.14
MinimumVisualStudioVersion = 10.0.40219.1
Project("{FAE04EC0-301F-11D3-BF4B-00C04F79EFBC}") = "NepalTrails", "NepalTrails\NepalTrails.csproj", "{EA52ADD9-3BF2-4088-A52C-7B8EC3AF0F4D}"
EndProject
Global
	GlobalSection(SolutionConfigurationPlatforms) = preSolution
		Debug|Any CPU = Debug|Any CPU
		Release|Any CPU = Release|Any CPU
	EndGlobalSection
	GlobalSection(ProjectConfigurationPlatforms) = postSolution
		{EA52ADD9-3BF2-4088-A52C-7B8EC3AF0F4D}.Debug|Any CPU.ActiveCfg = Debug|Any CPU
		{EA52ADD9-3BF2-4088-A52C-7B8EC3AF0F4D}.Debug|Any CPU.Build.0 = Debug|Any CPU
		{EA52ADD9-3BF2-4088-A52C-7B8EC3AF0F4D}.Release|Any CPU.ActiveCfg = Release|Any CPU
		{EA52ADD9-3BF2-4088-A52C-7B8EC3AF0F4D}.Release|Any CPU.Build.0 = Release|Any CPU
	EndGlobalSection
	GlobalSection(SolutionProperties) = preSolution
		HideSolutionNode = FALSE
	EndGlobalSection
	GlobalSection(ExtensibilityGlobals) = postSolution
		SolutionGuid = {AB60B964-00B5-4CDF-8CD7-7B2E406B7C9B}
	EndGlobalSection
EndGlobal
